
Microsoft Visual Studio Solution File, Format Version 12.00
# Visual Studio Version 16
VisualStudioVersion = 16.0.30320.27
MinimumVisualStudioVersion = 10.0.40219.1
Project("{FAE04EC0-301F-11D3-BF4B-00C04F79EFBC}") = "DapperInMVCCore", "DapperInMVCCore\DapperInMVCCore.csproj", "{473CD10D-39B9-4C6D-AF49-0996C704AE62}"
EndProject
Global
	GlobalSection(SolutionConfigurationPlatforms) = preSolution
		Debug|Any CPU = Debug|Any CPU
		Release|Any CPU = Release|Any CPU
	EndGlobalSection
	GlobalSection(ProjectConfigurationPlatforms) = postSolution
		{473CD10D-39B9-4C6D-AF49-0996C704AE62}.Debug|Any CPU.ActiveCfg = Debug|Any CPU
		{473CD10D-39B9-4C6D-AF49-0996C704AE62}.Debug|Any CPU.Build.0 = Debug|Any CPU
		{473CD10D-39B9-4C6D-AF49-0996C704AE62}.Release|Any CPU.ActiveCfg = Release|Any CPU
		{473CD10D-39B9-4C6D-AF49-0996C704AE62}.Release|Any CPU.Build.0 = Release|Any CPU
	EndGlobalSection
	GlobalSection(SolutionProperties) = preSolution
		HideSolutionNode = FALSE
	EndGlobalSection
	GlobalSection(ExtensibilityGlobals) = postSolution
		SolutionGuid = {73797B17-E871-4056-8A60-312FBB4F404D}
	EndGlobalSection
EndGlobal
